
Microsoft Visual Studio Solution File, Format Version 12.00
# Visual Studio Version 17
VisualStudioVersion = 17.12.35527.113
MinimumVisualStudioVersion = 10.0.40219.1
Project("{FAE04EC0-301F-11D3-BF4B-00C04F79EFBC}") = "Clubcore", "Clubcore\Clubcore.csproj", "{6C30B493-E216-5CC8-590B-93FACA46ED76}"
EndProject
Project("{FAE04EC0-301F-11D3-BF4B-00C04F79EFBC}") = "ClubcoreTest", "ClubcoreTest\ClubcoreTest.csproj", "{0467B5EA-FB6B-43F9-9186-3210AB3E303C}"
EndProject
Project("{FAE04EC0-301F-11D3-BF4B-00C04F79EFBC}") = "ClubcoreApi", "ClubcoreApi\ClubcoreApi.csproj", "{D2207FB6-032B-47C0-9E2D-7E451DF3F80B}"
EndProject
Global
	GlobalSection(SolutionConfigurationPlatforms) = preSolution
		Debug|Any CPU = Debug|Any CPU
		Release|Any CPU = Release|Any CPU
	EndGlobalSection
	GlobalSection(ProjectConfigurationPlatforms) = postSolution
		{6C30B493-E216-5CC8-590B-93FACA46ED76}.Debug|Any CPU.ActiveCfg = Debug|Any CPU
		{6C30B493-E216-5CC8-590B-93FACA46ED76}.Debug|Any CPU.Build.0 = Debug|Any CPU
		{6C30B493-E216-5CC8-590B-93FACA46ED76}.Release|Any CPU.ActiveCfg = Release|Any CPU
		{6C30B493-E216-5CC8-590B-93FACA46ED76}.Release|Any CPU.Build.0 = Release|Any CPU
		{0467B5EA-FB6B-43F9-9186-3210AB3E303C}.Debug|Any CPU.ActiveCfg = Debug|Any CPU
		{0467B5EA-FB6B-43F9-9186-3210AB3E303C}.Debug|Any CPU.Build.0 = Debug|Any CPU
		{0467B5EA-FB6B-43F9-9186-3210AB3E303C}.Release|Any CPU.ActiveCfg = Release|Any CPU
		{0467B5EA-FB6B-43F9-9186-3210AB3E303C}.Release|Any CPU.Build.0 = Release|Any CPU
		{D2207FB6-032B-47C0-9E2D-7E451DF3F80B}.Debug|Any CPU.ActiveCfg = Debug|Any CPU
		{D2207FB6-032B-47C0-9E2D-7E451DF3F80B}.Debug|Any CPU.Build.0 = Debug|Any CPU
		{D2207FB6-032B-47C0-9E2D-7E451DF3F80B}.Release|Any CPU.ActiveCfg = Release|Any CPU
		{D2207FB6-032B-47C0-9E2D-7E451DF3F80B}.Release|Any CPU.Build.0 = Release|Any CPU
	EndGlobalSection
	GlobalSection(SolutionProperties) = preSolution
		HideSolutionNode = FALSE
	EndGlobalSection
	GlobalSection(ExtensibilityGlobals) = postSolution
		SolutionGuid = {06B065A5-DFAA-45EC-A467-F8B3C5BC0C0D}
	EndGlobalSection
EndGlobal
